<?xml version="1.0" encoding="UTF-8"?>
<Scheme
   LastUpgradeVersion = "0940"
   version = "1.3">
   <BuildAction
      parallelizeBuildables = "YES"
      buildImplicitDependencies = "YES">
      <BuildActionEntries>
         <BuildActionEntry
            buildForTesting = "YES"
            buildForRunning = "YES"
            buildForProfiling = "YES"
            buildForArchiving = "YES"
            buildForAnalyzing = "YES">
            <BuildableReference
               BuildableIdentifier = "primary"
               BlueprintIdentifier = "D607485A20D21F3F00FD3F81"
               BuildableName = "ZeplinPractice.app"
               BlueprintName = "ZeplinPractice"
               ReferencedContainer = "container:ZeplinPractice.xcodeproj">
            </BuildableReference>
         </BuildActionEntry>
      </BuildActionEntries>
   </BuildAction>
   <TestAction
      buildConfiguration = "Debug"
      selectedDebuggerIdentifier = "Xcode.DebuggerFoundation.Debugger.LLDB"
      selectedLauncherIdentifier = "Xcode.DebuggerFoundation.Launcher.LLDB"
      shouldUseLaunchSchemeArgsEnv = "YES">
      <Testables>
         <TestableReference
            skipped = "NO">
            <BuildableReference
               BuildableIdentifier = "primary"
               BlueprintIdentifier = "D60748B420D3178600FD3F81"
               BuildableName = "InteractorTest.xctest"
               BlueprintName = "InteractorTest"
               ReferencedContainer = "container:ZeplinPractice.xcodeproj">
            </BuildableReference>
         </TestableReference>
         <TestableReference
            skipped = "NO">
            <BuildableReference
               BuildableIdentifier = "primary"
               BlueprintIdentifier = "D60748C220D317FE00FD3F81"
               BuildableName = "RouterTest.xctest"
               BlueprintName = "RouterTest"
               ReferencedContainer = "container:ZeplinPractice.xcodeproj">
            </BuildableReference>
         </TestableReference>
         <TestableReference
            skipped = "NO">
            <BuildableReference
               BuildableIdentifier = "primary"
               BlueprintIdentifier = "D60748A620D3177800FD3F81"
               BuildableName = "PresenterTest.xctest"
               BlueprintName = "PresenterTest"
               ReferencedContainer = "container:ZeplinPractice.xcodeproj">
            </BuildableReference>
         </TestableReference>
         <TestableReference
            skipped = "NO">
            <BuildableReference
               BuildableIdentifier = "primary"
               BlueprintIdentifier = "D60748D220D325D200FD3F81"
               BuildableName = "CalculatorTest.xctest"
               BlueprintName = "CalculatorTest"
               ReferencedContainer = "container:ZeplinPractice.xcodeproj">
            </BuildableReference>
         </TestableReference>
         <TestableReference
            skipped = "NO">
            <BuildableReference
               BuildableIdentifier = "primary"
               BlueprintIdentifier = "D60748E020D3291700FD3F81"
               BuildableName = "LevelListVCTest.xctest"
               BlueprintName = "LevelListVCTest"
               ReferencedContainer = "container:ZeplinPractice.xcodeproj">
            </BuildableReference>
         </TestableReference>
         <TestableReference
            skipped = "NO">
            <BuildableReference
               BuildableIdentifier = "primary"
               BlueprintIdentifier = "D60748EE20D32BEA00FD3F81"
               BuildableName = "JsonDataTest.xctest"
               BlueprintName = "JsonDataTest"
               ReferencedContainer = "container:ZeplinPractice.xcodeproj">
            </BuildableReference>
         </TestableReference>
      </Testables>
      <MacroExpansion>
         <BuildableReference
            BuildableIdentifier = "primary"
            BlueprintIdentifier = "D607485A20D21F3F00FD3F81"
            BuildableName = "ZeplinPractice.app"
            BlueprintName = "ZeplinPractice"
            ReferencedContainer = "container:ZeplinPractice.xcodeproj">
         </BuildableReference>
      </MacroExpansion>
      <AdditionalOptions>
      </AdditionalOptions>
   </TestAction>
   <LaunchAction
      buildConfiguration = "Debug"
      selectedDebuggerIdentifier = "Xcode.DebuggerFoundation.Debugger.LLDB"
      selectedLauncherIdentifier = "Xcode.DebuggerFoundation.Launcher.LLDB"
      launchStyle = "0"
      useCustomWorkingDirectory = "NO"
      ignoresPersistentStateOnLaunch = "NO"
      debugDocumentVersioning = "YES"
      debugServiceExtension = "internal"
      allowLocationSimulation = "YES">
      <BuildableProductRunnable
         runnableDebuggingMode = "0">
         <BuildableReference
            BuildableIdentifier = "primary"
            BlueprintIdentifier = "D607485A20D21F3F00FD3F81"
            BuildableName = "ZeplinPractice.app"
            BlueprintName = "ZeplinPractice"
            ReferencedContainer = "container:ZeplinPractice.xcodeproj">
         </BuildableReference>
      </BuildableProductRunnable>
      <AdditionalOptions>
      </AdditionalOptions>
   </LaunchAction>
   <ProfileAction
      buildConfiguration = "Release"
      shouldUseLaunchSchemeArgsEnv = "YES"
      savedToolIdentifier = ""
      useCustomWorkingDirectory = "NO"
      debugDocumentVersioning = "YES">
      <BuildableProductRunnable
         runnableDebuggingMode = "0">
         <BuildableReference
            BuildableIdentifier = "primary"
            BlueprintIdentifier = "D607485A20D21F3F00FD3F81"
            BuildableName = "ZeplinPractice.app"
            BlueprintName = "ZeplinPractice"
            ReferencedContainer = "container:ZeplinPractice.xcodeproj">
         </BuildableReference>
      </BuildableProductRunnable>
   </ProfileAction>
   <AnalyzeAction
      buildConfiguration = "Debug">
   </AnalyzeAction>
   <ArchiveAction
      buildConfiguration = "Release"
      revealArchiveInOrganizer = "YES">
   </ArchiveAction>
</Scheme>
